
Microsoft Visual Studio Solution File, Format Version 12.00
# Visual Studio 16
Project("{FAE04EC0-301F-11D3-BF4B-00C04F79EFBC}") = "Assembly-CSharp", "Assembly-CSharp.csproj", "{D1DA5D30-3768-EACE-59CB-F8684684B810}"
EndProject
Global
	GlobalSection(SolutionConfigurationPlatforms) = preSolution
		Debug|Any CPU = Debug|Any CPU
		Release|Any CPU = Release|Any CPU
	EndGlobalSection
	GlobalSection(ProjectConfigurationPlatforms) = postSolution
		{D1DA5D30-3768-EACE-59CB-F8684684B810}.Debug|Any CPU.ActiveCfg = Debug|Any CPU
		{D1DA5D30-3768-EACE-59CB-F8684684B810}.Debug|Any CPU.Build.0 = Debug|Any CPU
		{D1DA5D30-3768-EACE-59CB-F8684684B810}.Release|Any CPU.ActiveCfg = Release|Any CPU
		{D1DA5D30-3768-EACE-59CB-F8684684B810}.Release|Any CPU.Build.0 = Release|Any CPU
	EndGlobalSection
	GlobalSection(SolutionProperties) = preSolution
		HideSolutionNode = FALSE
	EndGlobalSection
	GlobalSection(MonoDevelopProperties) = preSolution
		StartupItem = Assembly-CSharp.csproj
	EndGlobalSection
EndGlobal
